
Microsoft Visual Studio Solution File, Format Version 12.00
# Visual Studio 15
VisualStudioVersion = 15.0.28010.2041
MinimumVisualStudioVersion = 10.0.40219.1
Project("{FAE04EC0-301F-11D3-BF4B-00C04F79EFBC}") = "Blogum.Core", "Blogum.Core\Blogum.Core.csproj", "{98784D1E-E187-4287-BE74-A706B6436902}"
EndProject
Project("{FAE04EC0-301F-11D3-BF4B-00C04F79EFBC}") = "Blogum.Domain", "Blogum.Domain\Blogum.Domain.csproj", "{DC3DA8B2-2690-45A7-8910-A374224CBE85}"
EndProject
Project("{FAE04EC0-301F-11D3-BF4B-00C04F79EFBC}") = "Blogum.Business", "Blogum.Business\Blogum.Business.csproj", "{E390856F-8FA0-4B17-B82C-2DBAAF5B2C03}"
EndProject
Project("{FAE04EC0-301F-11D3-BF4B-00C04F79EFBC}") = "Blogum.DataAccess", "Blogum.DataAccess\Blogum.DataAccess.csproj", "{C20A62A1-7E6C-4371-B5FE-A64FC5527749}"
EndProject
Project("{FAE04EC0-301F-11D3-BF4B-00C04F79EFBC}") = "Blogum.UI", "Blogum.UI\Blogum.UI.csproj", "{B8A433D6-18C4-4BB9-97E8-ED7FF054BBAD}"
EndProject
Global
	GlobalSection(SolutionConfigurationPlatforms) = preSolution
		Debug|Any CPU = Debug|Any CPU
		Release|Any CPU = Release|Any CPU
	EndGlobalSection
	GlobalSection(ProjectConfigurationPlatforms) = postSolution
		{98784D1E-E187-4287-BE74-A706B6436902}.Debug|Any CPU.ActiveCfg = Debug|Any CPU
		{98784D1E-E187-4287-BE74-A706B6436902}.Debug|Any CPU.Build.0 = Debug|Any CPU
		{98784D1E-E187-4287-BE74-A706B6436902}.Release|Any CPU.ActiveCfg = Release|Any CPU
		{98784D1E-E187-4287-BE74-A706B6436902}.Release|Any CPU.Build.0 = Release|Any CPU
		{DC3DA8B2-2690-45A7-8910-A374224CBE85}.Debug|Any CPU.ActiveCfg = Debug|Any CPU
		{DC3DA8B2-2690-45A7-8910-A374224CBE85}.Debug|Any CPU.Build.0 = Debug|Any CPU
		{DC3DA8B2-2690-45A7-8910-A374224CBE85}.Release|Any CPU.ActiveCfg = Release|Any CPU
		{DC3DA8B2-2690-45A7-8910-A374224CBE85}.Release|Any CPU.Build.0 = Release|Any CPU
		{E390856F-8FA0-4B17-B82C-2DBAAF5B2C03}.Debug|Any CPU.ActiveCfg = Debug|Any CPU
		{E390856F-8FA0-4B17-B82C-2DBAAF5B2C03}.Debug|Any CPU.Build.0 = Debug|Any CPU
		{E390856F-8FA0-4B17-B82C-2DBAAF5B2C03}.Release|Any CPU.ActiveCfg = Release|Any CPU
		{E390856F-8FA0-4B17-B82C-2DBAAF5B2C03}.Release|Any CPU.Build.0 = Release|Any CPU
		{C20A62A1-7E6C-4371-B5FE-A64FC5527749}.Debug|Any CPU.ActiveCfg = Debug|Any CPU
		{C20A62A1-7E6C-4371-B5FE-A64FC5527749}.Debug|Any CPU.Build.0 = Debug|Any CPU
		{C20A62A1-7E6C-4371-B5FE-A64FC5527749}.Release|Any CPU.ActiveCfg = Release|Any CPU
		{C20A62A1-7E6C-4371-B5FE-A64FC5527749}.Release|Any CPU.Build.0 = Release|Any CPU
		{B8A433D6-18C4-4BB9-97E8-ED7FF054BBAD}.Debug|Any CPU.ActiveCfg = Debug|Any CPU
		{B8A433D6-18C4-4BB9-97E8-ED7FF054BBAD}.Debug|Any CPU.Build.0 = Debug|Any CPU
		{B8A433D6-18C4-4BB9-97E8-ED7FF054BBAD}.Release|Any CPU.ActiveCfg = Release|Any CPU
		{B8A433D6-18C4-4BB9-97E8-ED7FF054BBAD}.Release|Any CPU.Build.0 = Release|Any CPU
	EndGlobalSection
	GlobalSection(SolutionProperties) = preSolution
		HideSolutionNode = FALSE
	EndGlobalSection
	GlobalSection(ExtensibilityGlobals) = postSolution
		SolutionGuid = {2210054A-CA3F-4362-8898-4D0F62A87C17}
	EndGlobalSection
EndGlobal
