
Microsoft Visual Studio Solution File, Format Version 12.00
# Visual Studio 15
VisualStudioVersion = 15.0.28010.2041
MinimumVisualStudioVersion = 10.0.40219.1
Project("{FAE04EC0-301F-11D3-BF4B-00C04F79EFBC}") = "Blogum.UI", "Blogum.UI\Blogum.UI.csproj", "{FB795201-56E5-4141-A2FA-6D9F14EC9E01}"
EndProject
Project("{FAE04EC0-301F-11D3-BF4B-00C04F79EFBC}") = "Blogum.Core", "Blogum.Core\Blogum.Core.csproj", "{E5C57727-8C9F-4AD8-83CC-8448AFFE2D9C}"
EndProject
Project("{FAE04EC0-301F-11D3-BF4B-00C04F79EFBC}") = "Blogum.Common", "Blogum.Common\Blogum.Common.csproj", "{1BBD666E-D508-4A71-852A-8D8C8DF2EFB9}"
EndProject
Project("{FAE04EC0-301F-11D3-BF4B-00C04F79EFBC}") = "Blogum.Domain", "Blogum.Domain\Blogum.Domain.csproj", "{E5F30201-5EBD-4D80-8F8C-1BC1DB5E2E6B}"
EndProject
Global
	GlobalSection(SolutionConfigurationPlatforms) = preSolution
		Debug|Any CPU = Debug|Any CPU
		Release|Any CPU = Release|Any CPU
	EndGlobalSection
	GlobalSection(ProjectConfigurationPlatforms) = postSolution
		{FB795201-56E5-4141-A2FA-6D9F14EC9E01}.Debug|Any CPU.ActiveCfg = Debug|Any CPU
		{FB795201-56E5-4141-A2FA-6D9F14EC9E01}.Debug|Any CPU.Build.0 = Debug|Any CPU
		{FB795201-56E5-4141-A2FA-6D9F14EC9E01}.Release|Any CPU.ActiveCfg = Release|Any CPU
		{FB795201-56E5-4141-A2FA-6D9F14EC9E01}.Release|Any CPU.Build.0 = Release|Any CPU
		{E5C57727-8C9F-4AD8-83CC-8448AFFE2D9C}.Debug|Any CPU.ActiveCfg = Debug|Any CPU
		{E5C57727-8C9F-4AD8-83CC-8448AFFE2D9C}.Debug|Any CPU.Build.0 = Debug|Any CPU
		{E5C57727-8C9F-4AD8-83CC-8448AFFE2D9C}.Release|Any CPU.ActiveCfg = Release|Any CPU
		{E5C57727-8C9F-4AD8-83CC-8448AFFE2D9C}.Release|Any CPU.Build.0 = Release|Any CPU
		{1BBD666E-D508-4A71-852A-8D8C8DF2EFB9}.Debug|Any CPU.ActiveCfg = Debug|Any CPU
		{1BBD666E-D508-4A71-852A-8D8C8DF2EFB9}.Debug|Any CPU.Build.0 = Debug|Any CPU
		{1BBD666E-D508-4A71-852A-8D8C8DF2EFB9}.Release|Any CPU.ActiveCfg = Release|Any CPU
		{1BBD666E-D508-4A71-852A-8D8C8DF2EFB9}.Release|Any CPU.Build.0 = Release|Any CPU
		{E5F30201-5EBD-4D80-8F8C-1BC1DB5E2E6B}.Debug|Any CPU.ActiveCfg = Debug|Any CPU
		{E5F30201-5EBD-4D80-8F8C-1BC1DB5E2E6B}.Debug|Any CPU.Build.0 = Debug|Any CPU
		{E5F30201-5EBD-4D80-8F8C-1BC1DB5E2E6B}.Release|Any CPU.ActiveCfg = Release|Any CPU
		{E5F30201-5EBD-4D80-8F8C-1BC1DB5E2E6B}.Release|Any CPU.Build.0 = Release|Any CPU
	EndGlobalSection
	GlobalSection(SolutionProperties) = preSolution
		HideSolutionNode = FALSE
	EndGlobalSection
	GlobalSection(ExtensibilityGlobals) = postSolution
		SolutionGuid = {2210054A-CA3F-4362-8898-4D0F62A87C17}
	EndGlobalSection
EndGlobal
